Microsoft Visual Studio Solution File, Format Version 12.00
# Visual Studio Version 17
VisualStudioVersion = 17.5.2.0
MinimumVisualStudioVersion = 10.0.40219.1
Project("{FAE04EC0-301F-11D3-BF4B-00C04F79EFBC}") = "button_alert", "api\button_alert.csproj", "{B936F8EE-1192-1AA4-3207-8F4B0F5947BB}"
EndProject
Global
	GlobalSection(SolutionConfigurationPlatforms) = preSolution
		Debug|Any CPU = Debug|Any CPU
		Release|Any CPU = Release|Any CPU
	EndGlobalSection
	GlobalSection(ProjectConfigurationPlatforms) = postSolution
		{B936F8EE-1192-1AA4-3207-8F4B0F5947BB}.Debug|Any CPU.ActiveCfg = Debug|Any CPU
		{B936F8EE-1192-1AA4-3207-8F4B0F5947BB}.Debug|Any CPU.Build.0 = Debug|Any CPU
		{B936F8EE-1192-1AA4-3207-8F4B0F5947BB}.Release|Any CPU.ActiveCfg = Release|Any CPU
		{B936F8EE-1192-1AA4-3207-8F4B0F5947BB}.Release|Any CPU.Build.0 = Release|Any CPU
	EndGlobalSection
	GlobalSection(SolutionProperties) = preSolution
		HideSolutionNode = FALSE
	EndGlobalSection
	GlobalSection(ExtensibilityGlobals) = postSolution
		SolutionGuid = {215071FB-84A2-46B2-A43B-DE7BC1364BC4}
	EndGlobalSection
EndGlobal
